Microsoft Visual Studio Solution File, Format Version 12.00
# Visual Studio Version 17
VisualStudioVersion = 17.5.2.0
MinimumVisualStudioVersion = 10.0.40219.1
Project("{FAE04EC0-301F-11D3-BF4B-00C04F79EFBC}") = "BageriApi", "BageriApi.csproj", "{B4173DBD-E5E9-BDB3-21AF-733F3DDE740B}"
EndProject
Global
	GlobalSection(SolutionConfigurationPlatforms) = preSolution
		Debug|Any CPU = Debug|Any CPU
		Release|Any CPU = Release|Any CPU
	EndGlobalSection
	GlobalSection(ProjectConfigurationPlatforms) = postSolution
		{B4173DBD-E5E9-BDB3-21AF-733F3DDE740B}.Debug|Any CPU.ActiveCfg = Debug|Any CPU
		{B4173DBD-E5E9-BDB3-21AF-733F3DDE740B}.Debug|Any CPU.Build.0 = Debug|Any CPU
		{B4173DBD-E5E9-BDB3-21AF-733F3DDE740B}.Release|Any CPU.ActiveCfg = Release|Any CPU
		{B4173DBD-E5E9-BDB3-21AF-733F3DDE740B}.Release|Any CPU.Build.0 = Release|Any CPU
	EndGlobalSection
	GlobalSection(SolutionProperties) = preSolution
		HideSolutionNode = FALSE
	EndGlobalSection
	GlobalSection(ExtensibilityGlobals) = postSolution
		SolutionGuid = {D0B75E8A-7C4A-43D6-8D43-81CED3FD6FD2}
	EndGlobalSection
EndGlobal
